// !$*UTF8*$!
{
	archiveVersion = 1;
	classes = {
	};
	objectVersion = 77;
	objects = {

/* Begin PBXContainerItemProxy section */
		573D0EB23034EC5100E75999 /* PBXContainerItemProxy */ = {
			isa = PBXContainerItemProxy;
			containerPortal = 573D0E993034EC4E00E75999 /* Project object */;
			proxyType = 1;
			remoteGlobalIDString = 573D0EA03034EC4F00E75999;
			remoteInfo = eCommerceMVP;
		};
		573D0EBC3034EC5100E75999 /* PBXContainerItemProxy */ = {
			isa = PBXContainerItemProxy;
			containerPortal = 573D0E993034EC4E00E75999 /* Project object */;
			proxyType = 1;
			remoteGlobalIDString = 573D0EA03034EC4F00E75999;
			remoteInfo = eCommerceMVP;
		};
/* End PBXContainerItemProxy section */

/* Begin PBXFileReference section */
		573D0EA13034EC4F00E75999 /* eCommerceMVP.app */ = {isa = PBXFileReference; explicitFileType = wrapper.application; includeInIndex = 0; path = eCommerceMVP.app; sourceTree = BUILT_PRODUCTS_DIR; };
		573D0EB13034EC5100E75999 /* eCommerceMVPTests.xctest */ = {isa = PBXFileReference; explicitFileType = wrapper.cfbundle; includeInIndex = 0; path = eCommerceMVPTests.xctest; sourceTree = BUILT_PRODUCTS_DIR; };
		573D0EBB3034EC5100E75999 /* eCommerceMVPUITests.xctest */ = {isa = PBXFileReference; explicitFileType = wrapper.cfbundle; includeInIndex = 0; path = eCommerceMVPUITests.xctest; sourceTree = BUILT_PRODUCTS_DIR; };
/* End PBXFileReference section */

/* Begin PBXFileSystemSynchronizedRootGroup section */
		573D0EA33034EC4F00E75999 /* eCommerceMVP */ = {
			isa = PBXFileSystemSynchronizedRootGroup;
			path = eCommerceMVP;
			sourceTree = "<group>";
		};
		573D0EB43034EC5100E75999 /* eCommerceMVPTests */ = {
			isa = PBXFileSystemSynchronizedRootGroup;
			path = eCommerceMVPTests;
			sourceTree = "<group>";
		};
		573D0EBE3034EC5100E75999 /* eCommerceMVPUITests */ = {
			isa = PBXFileSystemSynchronizedRootGroup;
			path = eCommerceMVPUITests;
			sourceTree = "<group>";
		};
/* End PBXFileSystemSynchronizedRootGroup section */

/* Begin PBXFrameworksBuildPhase section */
		573D0E9E3034EC4F00E75999 /* Frameworks */ = {
			isa = PBXFrameworksBuildPhase;
			buildActionMask = 2147483647;
			files = (
			);
			runOnlyForDeploymentPostprocessing = 0;
		};
		573D0EAE3034EC5100E75999 /* Frameworks */ = {
			isa = PBXFrameworksBuildPhase;
			buildActionMask = 2147483647;
			files = (
			);
			runOnlyForDeploymentPostprocessing = 0;
		};
		573D0EB83034EC5100E75999 /* Frameworks */ = {
			isa = PBXFrameworksBuildPhase;
			buildActionMask = 2147483647;
			files = (
			);
			runOnlyForDeploymentPostprocessing = 0;
		};
/* End PBXFrameworksBuildPhase section */

/* Begin PBXGroup section */
		573D0E983034EC4E00E75999 = {
			isa = PBXGroup;
			children = (
				573D0EA33034EC4F00E75999 /* eCommerceMVP */,
				573D0EB43034EC5100E75999 /* eCommerceMVPTests */,
				573D0EBE3034EC5100E75999 /* eCommerceMVPUITests */,
				573D0EA23034EC4F00E75999 /* Products */,
			);
			sourceTree = "<group>";
		};
		573D0EA23034EC4F00E75999 /* Products */ = {
			isa = PBXGroup;
			children = (
				573D0EA13034EC4F00E75999 /* eCommerceMVP.app */,
				573D0EB13034EC5100E75999 /* eCommerceMVPTests.xctest */,
				573D0EBB3034EC5100E75999 /* eCommerceMVPUITests.xctest */,
			);
			name = Products;
			sourceTree = "<group>";
		};
/* End PBXGroup section */

/* Begin PBXNativeTarget section */
		573D0EA03034EC4F00E75999 /* eCommerceMVP */ = {
			isa = PBXNativeTarget;
			buildConfigurationList = 573D0EC53034EC5100E75999 /* Build configuration list for PBXNativeTarget "eCommerceMVP" */;
			buildPhases = (
				573D0E9D3034EC4F00E75999 /* Sources */,
				573D0E9E3034EC4F00E75999 /* Frameworks */,
				573D0E9F3034EC4F00E75999 /* Resources */,
			);
			buildRules = (
			);
			dependencies = (
			);
			fileSystemSynchronizedGroups = (
				573D0EA33034EC4F00E75999 /* eCommerceMVP */,
			);
			name = eCommerceMVP;
			packageProductDependencies = (
			);
			productName = eCommerceMVP;
			productReference = 573D0EA13034EC4F00E75999 /* eCommerceMVP.app */;
			productType = "com.apple.product-type.application";
		};
		573D0EB03034EC5100E75999 /* eCommerceMVPTests */ = {
			isa = PBXNativeTarget;
			buildConfigurationList = 573D0EC83034EC5100E75999 /* Build configuration list for PBXNativeTarget "eCommerceMVPTests" */;
			buildPhases = (
				573D0EAD3034EC5100E75999 /* Sources */,
				573D0EAE3034EC5100E75999 /* Frameworks */,
				573D0EAF3034EC5100E75999 /* Resources */,
			);
			buildRules = (
			);
			dependencies = (
				573D0EB33034EC5100E75999 /* PBXTargetDependency */,
			);
			fileSystemSynchronizedGroups = (
				573D0EB43034EC5100E75999 /* eCommerceMVPTests */,
			);
			name = eCommerceMVPTests;
			packageProductDependencies = (
			);
			productName = eCommerceMVPTests;
			productReference = 573D0EB13034EC5100E75999 /* eCommerceMVPTests.xctest */;
			productType = "com.apple.product-type.bundle.unit-test";
		};
		573D0EBA3034EC5100E75999 /* eCommerceMVPUITests */ = {
			isa = PBXNativeTarget;
			buildConfigurationList = 573D0ECB3034EC5100E75999 /* Build configuration list for PBXNativeTarget "eCommerceMVPUITests" */;
			buildPhases = (
				573D0EB73034EC5100E75999 /* Sources */,
				573D0EB83034EC5100E75999 /* Frameworks */,
				573D0EB93034EC5100E75999 /* Resources */,
			);
			buildRules = (
			);
			dependencies = (
				573D0EBD3034EC5100E75999 /* PBXTargetDependency */,
			);
			fileSystemSynchronizedGroups = (
				573D0EBE3034EC5100E75999 /* eCommerceMVPUITests */,
			);
			name = eCommerceMVPUITests;
			packageProductDependencies = (
			);
			productName = eCommerceMVPUITests;
			productReference = 573D0EBB3034EC5100E75999 /* eCommerceMVPUITests.xctest */;
			productType = "com.apple.product-type.bundle.ui-testing";
		};
/* End PBXNativeTarget section */

/* Begin PBXProject section */
		573D0E993034EC4E00E75999 /* Project object */ = {
			isa = PBXProject;
			attributes = {
				BuildIndependentTargetsInParallel = 1;
				LastSwiftUpdateCheck = 1620;
				LastUpgradeCheck = 1620;
				TargetAttributes = {
					573D0EA03034EC4F00E75999 = {
						CreatedOnToolsVersion = 16.2;
					};
					573D0EB03034EC5100E75999 = {
						CreatedOnToolsVersion = 16.2;
						TestTargetID = 573D0EA03034EC4F00E75999;
					};
					573D0EBA3034EC5100E75999 = {
						CreatedOnToolsVersion = 16.2;
						TestTargetID = 573D0EA03034EC4F00E75999;
					};
				};
			};
			buildConfigurationList = 573D0E9C3034EC4E00E75999 /* Build configuration list for PBXProject "eCommerceMVP" */;
			developmentRegion = en;
			hasScannedForEncodings = 0;
			knownRegions = (
				en,
				Base,
			);
			mainGroup = 573D0E983034EC4E00E75999;
			minimizedProjectReferenceProxies = 1;
			preferredProjectObjectVersion = 77;
			productRefGroup = 573D0EA23034EC4F00E75999 /* Products */;
			projectDirPath = "";
			projectRoot = "";
			targets = (
				573D0EA03034EC4F00E75999 /* eCommerceMVP */,
				573D0EB03034EC5100E75999 /* eCommerceMVPTests */,
				573D0EBA3034EC5100E75999 /* eCommerceMVPUITests */,
			);
		};
/* End PBXProject section */

/* Begin PBXResourcesBuildPhase section */
		573D0E9F3034EC4F00E75999 /* Resources */ = {
			isa = PBXResourcesBuildPhase;
			buildActionMask = 2147483647;
			files = (
			);
			runOnlyForDeploymentPostprocessing = 0;
		};
		573D0EAF3034EC5100E75999 /* Resources */ = {
			isa = PBXResourcesBuildPhase;
			buildActionMask = 2147483647;
			files = (
			);
			runOnlyForDeploymentPostprocessing = 0;
		};
		573D0EB93034EC5100E75999 /* Resources */ = {
			isa = PBXResourcesBuildPhase;
			buildActionMask = 2147483647;
			files = (
			);
			runOnlyForDeploymentPostprocessing = 0;
		};
/* End PBXResourcesBuildPhase section */

/* Begin PBXSourcesBuildPhase section */
		573D0E9D3034EC4F00E75999 /* Sources */ = {
			isa = PBXSourcesBuildPhase;
			buildActionMask = 2147483647;
			files = (
			);
			runOnlyForDeploymentPostprocessing = 0;
		};
		573D0EAD3034EC5100E75999 /* Sources */ = {
			isa = PBXSourcesBuildPhase;
			buildActionMask = 2147483647;
			files = (
			);
			runOnlyForDeploymentPostprocessing = 0;
		};
		573D0EB73034EC5100E75999 /* Sources */ = {
			isa = PBXSourcesBuildPhase;
			buildActionMask = 2147483647;
			files = (
			);
			runOnlyForDeploymentPostprocessing = 0;
		};
/* End PBXSourcesBuildPhase section */

/* Begin PBXTargetDependency section */
		573D0EB33034EC5100E75999 /* PBXTargetDependency */ = {
			isa = PBXTargetDependency;
			target = 573D0EA03034EC4F00E75999 /* eCommerceMVP */;
			targetProxy = 573D0EB23034EC5100E75999 /* PBXContainerItemProxy */;
		};
		573D0EBD3034EC5100E75999 /* PBXTargetDependency */ = {
			isa = PBXTargetDependency;
			target = 573D0EA03034EC4F00E75999 /* eCommerceMVP */;
			targetProxy = 573D0EBC3034EC5100E75999 /* PBXContainerItemProxy */;
		};
/* End PBXTargetDependency section */

/* Begin XCBuildConfiguration section */
		573D0EC33034EC5100E75999 /* Debug */ = {
			isa = XCBuildConfiguration;
			buildSettings = {
				ALWAYS_SEARCH_USER_PATHS = NO;
				ASSETCATALOG_COMPILER_GENERATE_SWIFT_ASSET_SYMBOL_EXTENSIONS = YES;
				CLANG_ANALYZER_NONNULL = YES;
				CLANG_ANALYZER_NUMBER_OBJECT_CONVERSION = YES_AGGRESSIVE;
				CLANG_CXX_LANGUAGE_STANDARD = "gnu++20";
				CLANG_ENABLE_MODULES = YES;
				CLANG_ENABLE_OBJC_ARC = YES;
				CLANG_ENABLE_OBJC_WEAK = YES;
				CLANG_WARN_BLOCK_CAPTURE_AUTORELEASING = YES;
				CLANG_WARN_BOOL_CONVERSION = YES;
				CLANG_WARN_COMMA = YES;
				CLANG_WARN_CONSTANT_CONVERSION = YES;
				CLANG_WARN_DEPRECATED_OBJC_IMPLEMENTATIONS = YES;
				CLANG_WARN_DIRECT_OBJC_ISA_USAGE = YES_ERROR;
				CLANG_WARN_DOCUMENTATION_COMMENTS = YES;
				CLANG_WARN_EMPTY_BODY = YES;
				CLANG_WARN_ENUM_CONVERSION = YES;
				CLANG_WARN_INFINITE_RECURSION = YES;
				CLANG_WARN_INT_CONVERSION = YES;
				CLANG_WARN_NON_LITERAL_NULL_CONVERSION = YES;
				CLANG_WARN_OBJC_IMPLICIT_RETAIN_SELF = YES;
				CLANG_WARN_OBJC_LITERAL_CONVERSION = YES;
				CLANG_WARN_OBJC_ROOT_CLASS = YES_ERROR;
				CLANG_WARN_QUOTED_INCLUDE_IN_FRAMEWORK_HEADER = YES;
				CLANG_WARN_RANGE_LOOP_ANALYSIS = YES;
				CLANG_WARN_STRICT_PROTOTYPES = YES;
				CLANG_WARN_SUSPICIOUS_MOVE = YES;
				CLANG_WARN_UNGUARDED_AVAILABILITY = YES_AGGRESSIVE;
				CLANG_WARN_UNREACHABLE_CODE = YES;
				CLANG_WARN__DUPLICATE_METHOD_MATCH = YES;
				COPY_PHASE_STRIP = NO;
				DEBUG_INFORMATION_FORMAT = dwarf;
				ENABLE_STRICT_OBJC_MSGSEND = YES;
				ENABLE_TESTABILITY = YES;
				ENABLE_USER_SCRIPT_SANDBOXING = YES;
				GCC_C_LANGUAGE_STANDARD = gnu17;
				GCC_DYNAMIC_NO_PIC = NO;
				GCC_NO_COMMON_BLOCKS = YES;
				GCC_OPTIMIZATION_LEVEL = 0;
				GCC_PREPROCESSOR_DEFINITIONS = (
					"DEBUG=1",
					"$(inherited)",
				);
				GCC_WARN_64_TO_32_BIT_CONVERSION = YES;
				GCC_WARN_ABOUT_RETURN_TYPE = YES_ERROR;
				GCC_WARN_UNDECLARED_SELECTOR = YES;
				GCC_WARN_UNINITIALIZED_AUTOS = YES_AGGRESSIVE;
				GCC_WARN_UNUSED_FUNCTION = YES;
				GCC_WARN_UNUSED_VARIABLE = YES;
				IPHONEOS_DEPLOYMENT_TARGET = 18.2;
				LOCALIZATION_PREFERS_STRING_CATALOGS = YES;
				MTL_ENABLE_DEBUG_INFO = INCLUDE_SOURCE;
				MTL_FAST_MATH = YES;
				ONLY_ACTIVE_ARCH = YES;
				SDKROOT = iphoneos;
				SWIFT_ACTIVE_COMPILATION_CONDITIONS = "DEBUG $(inherited)";
				SWIFT_OPTIMIZATION_LEVEL = "-Onone";
			};
			name = Debug;
		};
		573D0EC43034EC5100E75999 /* Release */ = {
			isa = XCBuildConfiguration;
			buildSettings = {
				ALWAYS_SEARCH_USER_PATHS = NO;
				ASSETCATALOG_COMPILER_GENERATE_SWIFT_ASSET_SYMBOL_EXTENSIONS = YES;
				CLANG_ANALYZER_NONNULL = YES;
				CLANG_ANALYZER_NUMBER_OBJECT_CONVERSION = YES_AGGRESSIVE;
				CLANG_CXX_LANGUAGE_STANDARD = "gnu++20";
				CLANG_ENABLE_MODULES = YES;
				CLANG_ENABLE_OBJC_ARC = YES;
				CLANG_ENABLE_OBJC_WEAK = YES;
				CLANG_WARN_BLOCK_CAPTURE_AUTORELEASING = YES;
				CLANG_WARN_BOOL_CONVERSION = YES;
				CLANG_WARN_COMMA = YES;
				CLANG_WARN_CONSTANT_CONVERSION = YES;
				CLANG_WARN_DEPRECATED_OBJC_IMPLEMENTATIONS = YES;
				CLANG_WARN_DIRECT_OBJC_ISA_USAGE = YES_ERROR;
				CLANG_WARN_DOCUMENTATION_COMMENTS = YES;
				CLANG_WARN_EMPTY_BODY = YES;
				CLANG_WARN_ENUM_CONVERSION = YES;
				CLANG_WARN_INFINITE_RECURSION = YES;
				CLANG_WARN_INT_CONVERSION = YES;
				CLANG_WARN_NON_LITERAL_NULL_CONVERSION = YES;
				CLANG_WARN_OBJC_IMPLICIT_RETAIN_SELF = YES;
				CLANG_WARN_OBJC_LITERAL_CONVERSION = YES;
				CLANG_WARN_OBJC_ROOT_CLASS = YES_ERROR;
				CLANG_WARN_QUOTED_INCLUDE_IN_FRAMEWORK_HEADER = YES;
				CLANG_WARN_RANGE_LOOP_ANALYSIS = YES;
				CLANG_WARN_STRICT_PROTOTYPES = YES;
				CLANG_WARN_SUSPICIOUS_MOVE = YES;
				CLANG_WARN_UNGUARDED_AVAILABILITY = YES_AGGRESSIVE;
				CLANG_WARN_UNREACHABLE_CODE = YES;
				CLANG_WARN__DUPLICATE_METHOD_MATCH = YES;
				COPY_PHASE_STRIP = NO;
				DEBUG_INFORMATION_FORMAT = "dwarf-with-dsym";
				ENABLE_NS_ASSERTIONS = NO;
				ENABLE_STRICT_OBJC_MSGSEND = YES;
				ENABLE_USER_SCRIPT_SANDBOXING = YES;
				GCC_C_LANGUAGE_STANDARD = gnu17;
				GCC_NO_COMMON_BLOCKS = YES;
				GCC_WARN_64_TO_32_BIT_CONVERSION = YES;
				GCC_WARN_ABOUT_RETURN_TYPE = YES_ERROR;
				GCC_WARN_UNDECLARED_SELECTOR = YES;
				GCC_WARN_UNINITIALIZED_AUTOS = YES_AGGRESSIVE;
				GCC_WARN_UNUSED_FUNCTION = YES;
				GCC_WARN_UNUSED_VARIABLE = YES;
				IPHONEOS_DEPLOYMENT_TARGET = 18.2;
				LOCALIZATION_PREFERS_STRING_CATALOGS = YES;
				MTL_ENABLE_DEBUG_INFO = NO;
				MTL_FAST_MATH = YES;
				SDKROOT = iphoneos;
				SWIFT_COMPILATION_MODE = wholemodule;
				VALIDATE_PRODUCT = YES;
			};
			name = Release;
		};
		573D0EC63034EC5100E75999 /* Debug */ = {
			isa = XCBuildConfiguration;
			buildSettings = {
				ASSETCATALOG_COMPILER_APPICON_NAME = AppIcon;
				ASSETCATALOG_COMPILER_GLOBAL_ACCENT_COLOR_NAME = AccentColor;
				CODE_SIGN_STYLE = Automatic;
				CURRENT_PROJECT_VERSION = 1;
				DEVELOPMENT_ASSET_PATHS = "\"eCommerceMVP/Preview Content\"";
				ENABLE_PREVIEWS = YES;
				GENERATE_INFOPLIST_FILE = YES;
				INFOPLIST_KEY_UIApplicationSceneManifest_Generation = YES;
				INFOPLIST_KEY_UIApplicationSupportsIndirectInputEvents = YES;
				INFOPLIST_KEY_UILaunchScreen_Generation = YES;
				INFOPLIST_KEY_UISupportedInterfaceOrientations_iPad = "UIInterfaceOrientationPortrait UIInterfaceOrientationPortraitUpsideDown UIInterfaceOrientationLandscapeLeft UIInterfaceOrientationLandscapeRight";
				INFOPLIST_KEY_UISupportedInterfaceOrientations_iPhone = "UIInterfaceOrientationPortrait UIInterfaceOrientationLandscapeLeft UIInterfaceOrientationLandscapeRight";
				IPHONEOS_DEPLOYMENT_TARGET = 16.0;
				LD_RUNPATH_SEARCH_PATHS = (
					"$(inherited)",
					"@executable_path/Frameworks",
				);
				MARKETING_VERSION = 1.0;
				PRODUCT_BUNDLE_IDENTIFIER = mx.victorcedeno.eCommerceMVP;
				PRODUCT_NAME = "$(TARGET_NAME)";
				SWIFT_EMIT_LOC_STRINGS = YES;
				SWIFT_VERSION = 6.0;
				TARGETED_DEVICE_FAMILY = "1,2";
			};
			name = Debug;
		};
		573D0EC73034EC5100E75999 /* Release */ = {
			isa = XCBuildConfiguration;
			buildSettings = {
				ASSETCATALOG_COMPILER_APPICON_NAME = AppIcon;
				ASSETCATALOG_COMPILER_GLOBAL_ACCENT_COLOR_NAME = AccentColor;
				CODE_SIGN_STYLE = Automatic;
				CURRENT_PROJECT_VERSION = 1;
				DEVELOPMENT_ASSET_PATHS = "\"eCommerceMVP/Preview Content\"";
				ENABLE_PREVIEWS = YES;
				GENERATE_INFOPLIST_FILE = YES;
				INFOPLIST_KEY_UIApplicationSceneManifest_Generation = YES;
				INFOPLIST_KEY_UIApplicationSupportsIndirectInputEvents = YES;
				INFOPLIST_KEY_UILaunchScreen_Generation = YES;
				INFOPLIST_KEY_UISupportedInterfaceOrientations_iPad = "UIInterfaceOrientationPortrait UIInterfaceOrientationPortraitUpsideDown UIInterfaceOrientationLandscapeLeft UIInterfaceOrientationLandscapeRight";
				INFOPLIST_KEY_UISupportedInterfaceOrientations_iPhone = "UIInterfaceOrientationPortrait UIInterfaceOrientationLandscapeLeft UIInterfaceOrientationLandscapeRight";
				IPHONEOS_DEPLOYMENT_TARGET = 16.0;
				LD_RUNPATH_SEARCH_PATHS = (
					"$(inherited)",
					"@executable_path/Frameworks",
				);
				MARKETING_VERSION = 1.0;
				PRODUCT_BUNDLE_IDENTIFIER = mx.victorcedeno.eCommerceMVP;
				PRODUCT_NAME = "$(TARGET_NAME)";
				SWIFT_EMIT_LOC_STRINGS = YES;
				SWIFT_VERSION = 6.0;
				TARGETED_DEVICE_FAMILY = "1,2";
			};
			name = Release;
		};
		573D0EC93034EC5100E75999 /* Debug */ = {
			isa = XCBuildConfiguration;
			buildSettings = {
				BUNDLE_LOADER = "$(TEST_HOST)";
				CODE_SIGN_STYLE = Automatic;
				CURRENT_PROJECT_VERSION = 1;
				GENERATE_INFOPLIST_FILE = YES;
				IPHONEOS_DEPLOYMENT_TARGET = 18.2;
				MARKETING_VERSION = 1.0;
				PRODUCT_BUNDLE_IDENTIFIER = mx.victorcedeno.eCommerceMVPTests;
				PRODUCT_NAME = "$(TARGET_NAME)";
				SWIFT_EMIT_LOC_STRINGS = NO;
				SWIFT_VERSION = 5.0;
				TARGETED_DEVICE_FAMILY = "1,2";
				TEST_HOST = "$(BUILT_PRODUCTS_DIR)/eCommerceMVP.app/$(BUNDLE_EXECUTABLE_FOLDER_PATH)/eCommerceMVP";
			};
			name = Debug;
		};
		573D0ECA3034EC5100E75999 /* Release */ = {
			isa = XCBuildConfiguration;
			buildSettings = {
				BUNDLE_LOADER = "$(TEST_HOST)";
				CODE_SIGN_STYLE = Automatic;
				CURRENT_PROJECT_VERSION = 1;
				GENERATE_INFOPLIST_FILE = YES;
				IPHONEOS_DEPLOYMENT_TARGET = 18.2;
				MARKETING_VERSION = 1.0;
				PRODUCT_BUNDLE_IDENTIFIER = mx.victorcedeno.eCommerceMVPTests;
				PRODUCT_NAME = "$(TARGET_NAME)";
				SWIFT_EMIT_LOC_STRINGS = NO;
				SWIFT_VERSION = 5.0;
				TARGETED_DEVICE_FAMILY = "1,2";
				TEST_HOST = "$(BUILT_PRODUCTS_DIR)/eCommerceMVP.app/$(BUNDLE_EXECUTABLE_FOLDER_PATH)/eCommerceMVP";
			};
			name = Release;
		};
		573D0ECC3034EC5100E75999 /* Debug */ = {
			isa = XCBuildConfiguration;
			buildSettings = {
				CODE_SIGN_STYLE = Automatic;
				CURRENT_PROJECT_VERSION = 1;
				GENERATE_INFOPLIST_FILE = YES;
				MARKETING_VERSION = 1.0;
				PRODUCT_BUNDLE_IDENTIFIER = mx.victorcedeno.eCommerceMVPUITests;
				PRODUCT_NAME = "$(TARGET_NAME)";
				SWIFT_EMIT_LOC_STRINGS = NO;
				SWIFT_VERSION = 5.0;
				TARGETED_DEVICE_FAMILY = "1,2";
				TEST_TARGET_NAME = eCommerceMVP;
			};
			name = Debug;
		};
		573D0ECD3034EC5100E75999 /* Release */ = {
			isa = XCBuildConfiguration;
			buildSettings = {
				CODE_SIGN_STYLE = Automatic;
				CURRENT_PROJECT_VERSION = 1;
				GENERATE_INFOPLIST_FILE = YES;
				MARKETING_VERSION = 1.0;
				PRODUCT_BUNDLE_IDENTIFIER = mx.victorcedeno.eCommerceMVPUITests;
				PRODUCT_NAME = "$(TARGET_NAME)";
				SWIFT_EMIT_LOC_STRINGS = NO;
				SWIFT_VERSION = 5.0;
				TARGETED_DEVICE_FAMILY = "1,2";
				TEST_TARGET_NAME = eCommerceMVP;
			};
			name = Release;
		};
/* End XCBuildConfiguration section */

/* Begin XCConfigurationList section */
		573D0E9C3034EC4E00E75999 /* Build configuration list for PBXProject "eCommerceMVP" */ = {
			isa = XCConfigurationList;
			buildConfigurations = (
				573D0EC33034EC5100E75999 /* Debug */,
				573D0EC43034EC5100E75999 /* Release */,
			);
			defaultConfigurationIsVisible = 0;
			defaultConfigurationName = Release;
		};
		573D0EC53034EC5100E75999 /* Build configuration list for PBXNativeTarget "eCommerceMVP" */ = {
			isa = XCConfigurationList;
			buildConfigurations = (
				573D0EC63034EC5100E75999 /* Debug */,
				573D0EC73034EC5100E75999 /* Release */,
			);
			defaultConfigurationIsVisible = 0;
			defaultConfigurationName = Release;
		};
		573D0EC83034EC5100E75999 /* Build configuration list for PBXNativeTarget "eCommerceMVPTests" */ = {
			isa = XCConfigurationList;
			buildConfigurations = (
				573D0EC93034EC5100E75999 /* Debug */,
				573D0ECA3034EC5100E75999 /* Release */,
			);
			defaultConfigurationIsVisible = 0;
			defaultConfigurationName = Release;
		};
		573D0ECB3034EC5100E75999 /* Build configuration list for PBXNativeTarget "eCommerceMVPUITests" */ = {
			isa = XCConfigurationList;
			buildConfigurations = (
				573D0ECC3034EC5100E75999 /* Debug */,
				573D0ECD3034EC5100E75999 /* Release */,
			);
			defaultConfigurationIsVisible = 0;
			defaultConfigurationName = Release;
		};
/* End XCConfigurationList section */
	};
	rootObject = 573D0E993034EC4E00E75999 /* Project object */;
}
